<Solution>
  <Folder Name="/src/">
    <Project Path="src/FleetOps.Api/FleetOps.Api.csproj" />
    <Project Path="src/FleetOps.Application/FleetOps.Application.csproj" />
    <Project Path="src/FleetOps.Domain/FleetOps.Domain.csproj" />
    <Project Path="src/FleetOps.Infrastructure.Azure/FleetOps.Infrastructure.Azure.csproj" />
  </Folder>
  <Folder Name="/tests/">
    <Project Path="tests/FleetOps.Api.Tests/FleetOps.Api.Tests.csproj" />
    <Project Path="tests/FleetOps.Application.Tests/FleetOps.Application.Tests.csproj" />
    <Project Path="tests/FleetOps.Domain.Tests/FleetOps.Domain.Tests.csproj" />
    <Project Path="tests/FleetOps.Infrastructure.Azure.Tests/FleetOps.Infrastructure.Azure.Tests.csproj" />
  </Folder>
</Solution>
